
Microsoft Visual Studio Solution File, Format Version 12.00
# Visual Studio Version 17
VisualStudioVersion = 17.8.34525.116
MinimumVisualStudioVersion = 10.0.40219.1
Project("{9A19103F-16F7-4668-BE54-9A1E7A4F7556}") = "TypesAndVariables", "TypesAndVariables\TypesAndVariables.csproj", "{5B2D76BE-5920-47A7-8900-1D9EB6B767AB}"
EndProject
Project("{9A19103F-16F7-4668-BE54-9A1E7A4F7556}") = "Conditionals", "Conditionals\Conditionals.csproj", "{E5F13A8D-9EF6-430C-AF40-29C3025F24BB}"
EndProject
Project("{9A19103F-16F7-4668-BE54-9A1E7A4F7556}") = "Methods", "Methods\Methods.csproj", "{FC763A12-182F-4B6E-9E57-50035B7C88FD}"
EndProject
Project("{FAE04EC0-301F-11D3-BF4B-00C04F79EFBC}") = "Arrays", "Arrays\Arrays.csproj", "{5A5FCEE9-C602-4C33-9D6C-7F29251F7F13}"
EndProject
Global
	GlobalSection(SolutionConfigurationPlatforms) = preSolution
		Debug|Any CPU = Debug|Any CPU
		Release|Any CPU = Release|Any CPU
	EndGlobalSection
	GlobalSection(ProjectConfigurationPlatforms) = postSolution
		{5B2D76BE-5920-47A7-8900-1D9EB6B767AB}.Debug|Any CPU.ActiveCfg = Debug|Any CPU
		{5B2D76BE-5920-47A7-8900-1D9EB6B767AB}.Debug|Any CPU.Build.0 = Debug|Any CPU
		{5B2D76BE-5920-47A7-8900-1D9EB6B767AB}.Release|Any CPU.ActiveCfg = Release|Any CPU
		{5B2D76BE-5920-47A7-8900-1D9EB6B767AB}.Release|Any CPU.Build.0 = Release|Any CPU
		{E5F13A8D-9EF6-430C-AF40-29C3025F24BB}.Debug|Any CPU.ActiveCfg = Debug|Any CPU
		{E5F13A8D-9EF6-430C-AF40-29C3025F24BB}.Debug|Any CPU.Build.0 = Debug|Any CPU
		{E5F13A8D-9EF6-430C-AF40-29C3025F24BB}.Release|Any CPU.ActiveCfg = Release|Any CPU
		{E5F13A8D-9EF6-430C-AF40-29C3025F24BB}.Release|Any CPU.Build.0 = Release|Any CPU
		{FC763A12-182F-4B6E-9E57-50035B7C88FD}.Debug|Any CPU.ActiveCfg = Debug|Any CPU
		{FC763A12-182F-4B6E-9E57-50035B7C88FD}.Debug|Any CPU.Build.0 = Debug|Any CPU
		{FC763A12-182F-4B6E-9E57-50035B7C88FD}.Release|Any CPU.ActiveCfg = Release|Any CPU
		{FC763A12-182F-4B6E-9E57-50035B7C88FD}.Release|Any CPU.Build.0 = Release|Any CPU
		{5A5FCEE9-C602-4C33-9D6C-7F29251F7F13}.Debug|Any CPU.ActiveCfg = Debug|Any CPU
		{5A5FCEE9-C602-4C33-9D6C-7F29251F7F13}.Debug|Any CPU.Build.0 = Debug|Any CPU
		{5A5FCEE9-C602-4C33-9D6C-7F29251F7F13}.Release|Any CPU.ActiveCfg = Release|Any CPU
		{5A5FCEE9-C602-4C33-9D6C-7F29251F7F13}.Release|Any CPU.Build.0 = Release|Any CPU
	EndGlobalSection
	GlobalSection(SolutionProperties) = preSolution
		HideSolutionNode = FALSE
	EndGlobalSection
	GlobalSection(ExtensibilityGlobals) = postSolution
		SolutionGuid = {5E2C69DE-B907-4EFC-8A21-FFEB33A64119}
	EndGlobalSection
EndGlobal
